// !$*UTF8*$!
{
	archiveVersion = 1;
	classes = {
	};
	objectVersion = 77;
	objects = {

/* Begin PBXBuildFile section */
		04033740F3E345DB415A749F /* MascotState.swift in Sources */ = {isa = PBXBuildFile; fileRef = 0B1C8019A99613A41E97B466 /* MascotState.swift */; };
		045120D7A79970379FE75F07 /* ImageStorageTests.swift in Sources */ = {isa = PBXBuildFile; fileRef = 3846FACC22577E376AA40BBD /* ImageStorageTests.swift */; };
		07F840708D888B3051C45E39 /* PersistenceController.swift in Sources */ = {isa = PBXBuildFile; fileRef = C1FEF04E4CE5543F00E63150 /* PersistenceController.swift */; };
		13ED790853A7F1320D7A2622 /* MLImageEntity+CoreDataClass.swift in Sources */ = {isa = PBXBuildFile; fileRef = EACAB1276B8F0040D6398CFD /* MLImageEntity+CoreDataClass.swift */; };
		1B27FF9AF8C2B10C64B2407B /* DailyChallengeView.swift in Sources */ = {isa = PBXBuildFile; fileRef = B15DEC4F5BAFCE09EB6C035B /* DailyChallengeView.swift */; };
		2103DD8E82658EF02F7790FB /* OnboardingView.swift in Sources */ = {isa = PBXBuildFile; fileRef = 30A68B563C31FB9CE6CDC286 /* OnboardingView.swift */; };
		22638E5F9937C0E8D3A677F3 /* DailyChallengeService.swift in Sources */ = {isa = PBXBuildFile; fileRef = 79A4E18E7126A62D8F0EB819 /* DailyChallengeService.swift */; };
		24EF475072BE37742AFA76D7 /* ImageStorage.swift in Sources */ = {isa = PBXBuildFile; fileRef = 2776CE1D4D652C47DA2DBD88 /* ImageStorage.swift */; };
		2550CA737C6685FA4207A122 /* TestingView.swift in Sources */ = {isa = PBXBuildFile; fileRef = 20114F5CF592023B77A4ACD8 /* TestingView.swift */; };
		31879CED3DEAB04E384D2753 /* MLProjectRepository.swift in Sources */ = {isa = PBXBuildFile; fileRef = 876C6FADA1776CE4DCAE46D5 /* MLProjectRepository.swift */; };
		3CD8A37864304F3787DE6793 /* Typography.swift in Sources */ = {isa = PBXBuildFile; fileRef = 598DDF2384BB3AB8BE774DD5 /* Typography.swift */; };
		42FF954C65B432CEA9DBC494 /* TrainBotTests.swift in Sources */ = {isa = PBXBuildFile; fileRef = 50F93BA5DD9D75BAB43C2092 /* TrainBotTests.swift */; };
		450512255A558102ABC0BA1B /* MLProjectEntity+CoreDataClass.swift in Sources */ = {isa = PBXBuildFile; fileRef = F4B1048384090C714C51069D /* MLProjectEntity+CoreDataClass.swift */; };
		4860FF930B4910EB45ED86D1 /* NavigationCard.swift in Sources */ = {isa = PBXBuildFile; fileRef = 4727A74134DE2E63BF6C61C1 /* NavigationCard.swift */; };
		4A971B8A2D3494DAE7FF9C8C /* TrainBotUITests.swift in Sources */ = {isa = PBXBuildFile; fileRef = 491247C54ADADACE65BECD2C /* TrainBotUITests.swift */; };
		4BF6A9FB406049AB9B0D3338 /* AchievementsService.swift in Sources */ = {isa = PBXBuildFile; fileRef = 3D85A617924D7FF5E16BEB52 /* AchievementsService.swift */; };
		4DE5FC5F54B13123643F5799 /* TrainingViewModel.swift in Sources */ = {isa = PBXBuildFile; fileRef = 0F2EF33A84A85ADD9CF39764 /* TrainingViewModel.swift */; };
		516F59F54E85F0F2FD4BD7BD /* ImageClassifierTrainerTests.swift in Sources */ = {isa = PBXBuildFile; fileRef = 1F24600AD8935156C7899EFC /* ImageClassifierTrainerTests.swift */; };
		57191570E3EAC476EF1BA60A /* CreateMLComponents.framework in Frameworks */ = {isa = PBXBuildFile; fileRef = 2DF67461DA0DFB6911F86583 /* CreateMLComponents.framework */; };
		5FB03424F1D838F160A69A25 /* TrainBot.xcdatamodeld in Sources */ = {isa = PBXBuildFile; fileRef = 74B270B2A0F8FCA7C0A39B7A /* TrainBot.xcdatamodeld */; };
		65A016997F7E9B2B320468EE /* TrainedClassifier.swift in Sources */ = {isa = PBXBuildFile; fileRef = BFF41C60612B8FEFC2FB365E /* TrainedClassifier.swift */; };
		68A088C399E82B72279B1120 /* KnowledgeView.swift in Sources */ = {isa = PBXBuildFile; fileRef = 0EE23539C8D2BB1A5786367A /* KnowledgeView.swift */; };
		6B40196BE0A945324A3B6141 /* AchievementEntity+CoreDataClass.swift in Sources */ = {isa = PBXBuildFile; fileRef = A7C172260E6C6D306F982505 /* AchievementEntity+CoreDataClass.swift */; };
		760230A10568FC9607DE5636 /* TrainBotApp.swift in Sources */ = {isa = PBXBuildFile; fileRef = 30345DCA5575F2DD7B6E87A8 /* TrainBotApp.swift */; };
		81D50D4033609FC571999BCB /* SettingsView.swift in Sources */ = {isa = PBXBuildFile; fileRef = 3ACF6F9734CAB220C92C6D0A /* SettingsView.swift */; };
		86CAC50B05799CA78720B924 /* HomeView.swift in Sources */ = {isa = PBXBuildFile; fileRef = 2306B67358AD0279BF5EA247 /* HomeView.swift */; };
		8CA29C27689742BCA429FE9B /* TrainingView.swift in Sources */ = {isa = PBXBuildFile; fileRef = 02C2C6B23B0F0B2F5766DF5C /* TrainingView.swift */; };
		99DD9F1ADB32A05BE8C774AB /* AchievementsView.swift in Sources */ = {isa = PBXBuildFile; fileRef = 6253DB5B170593539FC20DE4 /* AchievementsView.swift */; };
		A24334F58E5CF7708162A598 /* Assets.xcassets in Resources */ = {isa = PBXBuildFile; fileRef = 20BDF01E051597ABD389266D /* Assets.xcassets */; };
		B0365B5C530F4F5F3FF0A5AC /* ImageClassifierTrainer.swift in Sources */ = {isa = PBXBuildFile; fileRef = 53FD0D948828275B34683E59 /* ImageClassifierTrainer.swift */; };
		B14A2EF12A5DC75200E81929 /* SecondaryButton.swift in Sources */ = {isa = PBXBuildFile; fileRef = 551D4D34DCA73EE04F2B492D /* SecondaryButton.swift */; };
		B6D580590EF66374093E4B64 /* MLModelEntity+CoreDataClass.swift in Sources */ = {isa = PBXBuildFile; fileRef = 87264F94D59D68680391E426 /* MLModelEntity+CoreDataClass.swift */; };
		C1418DA071D52E0CF79DD996 /* DailyChallengeEntity+CoreDataClass.swift in Sources */ = {isa = PBXBuildFile; fileRef = 18DF48209005550E45045F20 /* DailyChallengeEntity+CoreDataClass.swift */; };
		C85D17E355F8F636A270BE08 /* MascotView.swift in Sources */ = {isa = PBXBuildFile; fileRef = 1873B6E8B5A42B4F26372D85 /* MascotView.swift */; };
		CCF7F8383A6071CF892AF6D1 /* PrimaryButton.swift in Sources */ = {isa = PBXBuildFile; fileRef = 60706F22693E5FC3EA2A6224 /* PrimaryButton.swift */; };
		D16DD6B754434FFEB6FD4C5A /* Colors.swift in Sources */ = {isa = PBXBuildFile; fileRef = 67463286030BA5199E50FE39 /* Colors.swift */; };
		DCEA643151DCFE7BDCB9B7B5 /* MLLabelEntity+CoreDataClass.swift in Sources */ = {isa = PBXBuildFile; fileRef = 227AF9867F84CE55F8640A26 /* MLLabelEntity+CoreDataClass.swift */; };
		E6B3027A65EA05ABF326A92E /* TestingViewModel.swift in Sources */ = {isa = PBXBuildFile; fileRef = 1D95F4A28387BBEF2893452E /* TestingViewModel.swift */; };
		EB6E8C17D4E6025130C7F095 /* AppCard.swift in Sources */ = {isa = PBXBuildFile; fileRef = AA62D002C72728761229B69A /* AppCard.swift */; };
		FF412E8A0EE5C45CEA5EE653 /* MLProjectRepositoryTests.swift in Sources */ = {isa = PBXBuildFile; fileRef = C0FA3A5FBA413526C828CBC0 /* MLProjectRepositoryTests.swift */; };
/* End PBXBuildFile section */

/* Begin PBXContainerItemProxy section */
		B14C52F944EF7921C2750EFE /* PBXContainerItemProxy */ = {
			isa = PBXContainerItemProxy;
			containerPortal = 2D23CDA1BBA5A2C936C33B27 /* Project object */;
			proxyType = 1;
			remoteGlobalIDString = 175EB4C9FD7C7E8D0149ED60;
			remoteInfo = TrainBot;
		};
		F9745D24C290EC34DAA1C509 /* PBXContainerItemProxy */ = {
			isa = PBXContainerItemProxy;
			containerPortal = 2D23CDA1BBA5A2C936C33B27 /* Project object */;
			proxyType = 1;
			remoteGlobalIDString = 175EB4C9FD7C7E8D0149ED60;
			remoteInfo = TrainBot;
		};
/* End PBXContainerItemProxy section */

/* Begin PBXFileReference section */
		02C2C6B23B0F0B2F5766DF5C /* TrainingView.swift */ = {isa = PBXFileReference; lastKnownFileType = sourcecode.swift; path = TrainingView.swift; sourceTree = "<group>"; };
		0B1C8019A99613A41E97B466 /* MascotState.swift */ = {isa = PBXFileReference; lastKnownFileType = sourcecode.swift; path = MascotState.swift; sourceTree = "<group>"; };
		0CA382BC68A350154C9975D3 /* .gitkeep */ = {isa = PBXFileReference; path = .gitkeep; sourceTree = "<group>"; };
		0EE23539C8D2BB1A5786367A /* KnowledgeView.swift */ = {isa = PBXFileReference; lastKnownFileType = sourcecode.swift; path = KnowledgeView.swift; sourceTree = "<group>"; };
		0F2EF33A84A85ADD9CF39764 /* TrainingViewModel.swift */ = {isa = PBXFileReference; lastKnownFileType = sourcecode.swift; path = TrainingViewModel.swift; sourceTree = "<group>"; };
		1873B6E8B5A42B4F26372D85 /* MascotView.swift */ = {isa = PBXFileReference; lastKnownFileType = sourcecode.swift; path = MascotView.swift; sourceTree = "<group>"; };
		18DF48209005550E45045F20 /* DailyChallengeEntity+CoreDataClass.swift */ = {isa = PBXFileReference; lastKnownFileType = sourcecode.swift; path = "DailyChallengeEntity+CoreDataClass.swift"; sourceTree = "<group>"; };
		1D95F4A28387BBEF2893452E /* TestingViewModel.swift */ = {isa = PBXFileReference; lastKnownFileType = sourcecode.swift; path = TestingViewModel.swift; sourceTree = "<group>"; };
		1DE2C022F9A40B49FB5F9A07 /* TrainBotUITests.xctest */ = {isa = PBXFileReference; includeInIndex = 0; lastKnownFileType = wrapper.cfbundle; path = TrainBotUITests.xctest; sourceTree = BUILT_PRODUCTS_DIR; };
		1F24600AD8935156C7899EFC /* ImageClassifierTrainerTests.swift */ = {isa = PBXFileReference; lastKnownFileType = sourcecode.swift; path = ImageClassifierTrainerTests.swift; sourceTree = "<group>"; };
		20114F5CF592023B77A4ACD8 /* TestingView.swift */ = {isa = PBXFileReference; lastKnownFileType = sourcecode.swift; path = TestingView.swift; sourceTree = "<group>"; };
		20BDF01E051597ABD389266D /* Assets.xcassets */ = {isa = PBXFileReference; lastKnownFileType = folder.assetcatalog; path = Assets.xcassets; sourceTree = "<group>"; };
		227AF9867F84CE55F8640A26 /* MLLabelEntity+CoreDataClass.swift */ = {isa = PBXFileReference; lastKnownFileType = sourcecode.swift; path = "MLLabelEntity+CoreDataClass.swift"; sourceTree = "<group>"; };
		2306B67358AD0279BF5EA247 /* HomeView.swift */ = {isa = PBXFileReference; lastKnownFileType = sourcecode.swift; path = HomeView.swift; sourceTree = "<group>"; };
		2776CE1D4D652C47DA2DBD88 /* ImageStorage.swift */ = {isa = PBXFileReference; lastKnownFileType = sourcecode.swift; path = ImageStorage.swift; sourceTree = "<group>"; };
		2DF67461DA0DFB6911F86583 /* CreateMLComponents.framework */ = {isa = PBXFileReference; lastKnownFileType = wrapper.framework; name = CreateMLComponents.framework; path = System/Library/Frameworks/CreateMLComponents.framework; sourceTree = SDKROOT; };
		30345DCA5575F2DD7B6E87A8 /* TrainBotApp.swift */ = {isa = PBXFileReference; lastKnownFileType = sourcecode.swift; path = TrainBotApp.swift; sourceTree = "<group>"; };
		30A68B563C31FB9CE6CDC286 /* OnboardingView.swift */ = {isa = PBXFileReference; lastKnownFileType = sourcecode.swift; path = OnboardingView.swift; sourceTree = "<group>"; };
		3263626EBFE10435433CAC66 /* .gitkeep */ = {isa = PBXFileReference; path = .gitkeep; sourceTree = "<group>"; };
		3846FACC22577E376AA40BBD /* ImageStorageTests.swift */ = {isa = PBXFileReference; lastKnownFileType = sourcecode.swift; path = ImageStorageTests.swift; sourceTree = "<group>"; };
		3ACF6F9734CAB220C92C6D0A /* SettingsView.swift */ = {isa = PBXFileReference; lastKnownFileType = sourcecode.swift; path = SettingsView.swift; sourceTree = "<group>"; };
		3D85A617924D7FF5E16BEB52 /* AchievementsService.swift */ = {isa = PBXFileReference; lastKnownFileType = sourcecode.swift; path = AchievementsService.swift; sourceTree = "<group>"; };
		3DD31D77D62DE71F0390CB49 /* .gitkeep */ = {isa = PBXFileReference; path = .gitkeep; sourceTree = "<group>"; };
		3F1786123EE4863175FEAC89 /* TrainBot.app */ = {isa = PBXFileReference; includeInIndex = 0; lastKnownFileType = wrapper.application; path = TrainBot.app; sourceTree = BUILT_PRODUCTS_DIR; };
		425809D7B23FD6232F43F77E /* .gitkeep */ = {isa = PBXFileReference; path = .gitkeep; sourceTree = "<group>"; };
		4727A74134DE2E63BF6C61C1 /* NavigationCard.swift */ = {isa = PBXFileReference; lastKnownFileType = sourcecode.swift; path = NavigationCard.swift; sourceTree = "<group>"; };
		491247C54ADADACE65BECD2C /* TrainBotUITests.swift */ = {isa = PBXFileReference; lastKnownFileType = sourcecode.swift; path = TrainBotUITests.swift; sourceTree = "<group>"; };
		50F93BA5DD9D75BAB43C2092 /* TrainBotTests.swift */ = {isa = PBXFileReference; lastKnownFileType = sourcecode.swift; path = TrainBotTests.swift; sourceTree = "<group>"; };
		53FD0D948828275B34683E59 /* ImageClassifierTrainer.swift */ = {isa = PBXFileReference; lastKnownFileType = sourcecode.swift; path = ImageClassifierTrainer.swift; sourceTree = "<group>"; };
		551D4D34DCA73EE04F2B492D /* SecondaryButton.swift */ = {isa = PBXFileReference; lastKnownFileType = sourcecode.swift; path = SecondaryButton.swift; sourceTree = "<group>"; };
		598DDF2384BB3AB8BE774DD5 /* Typography.swift */ = {isa = PBXFileReference; lastKnownFileType = sourcecode.swift; path = Typography.swift; sourceTree = "<group>"; };
		60706F22693E5FC3EA2A6224 /* PrimaryButton.swift */ = {isa = PBXFileReference; lastKnownFileType = sourcecode.swift; path = PrimaryButton.swift; sourceTree = "<group>"; };
		6253DB5B170593539FC20DE4 /* AchievementsView.swift */ = {isa = PBXFileReference; lastKnownFileType = sourcecode.swift; path = AchievementsView.swift; sourceTree = "<group>"; };
		67463286030BA5199E50FE39 /* Colors.swift */ = {isa = PBXFileReference; lastKnownFileType = sourcecode.swift; path = Colors.swift; sourceTree = "<group>"; };
		6E0ED75950D4666A34CB092B /* Info.plist */ = {isa = PBXFileReference; lastKnownFileType = text.plist; path = Info.plist; sourceTree = "<group>"; };
		79A4E18E7126A62D8F0EB819 /* DailyChallengeService.swift */ = {isa = PBXFileReference; lastKnownFileType = sourcecode.swift; path = DailyChallengeService.swift; sourceTree = "<group>"; };
		8433D60DCD0FB822FDC50029 /* .gitkeep */ = {isa = PBXFileReference; path = .gitkeep; sourceTree = "<group>"; };
		87264F94D59D68680391E426 /* MLModelEntity+CoreDataClass.swift */ = {isa = PBXFileReference; lastKnownFileType = sourcecode.swift; path = "MLModelEntity+CoreDataClass.swift"; sourceTree = "<group>"; };
		876C6FADA1776CE4DCAE46D5 /* MLProjectRepository.swift */ = {isa = PBXFileReference; lastKnownFileType = sourcecode.swift; path = MLProjectRepository.swift; sourceTree = "<group>"; };
		97B32648FA627BD8B6E09B62 /* TrainBot.xcdatamodel */ = {isa = PBXFileReference; lastKnownFileType = wrapper.xcdatamodel; path = TrainBot.xcdatamodel; sourceTree = "<group>"; };
		A04FCD158FE7A7D0D56A4E8E /* .gitkeep */ = {isa = PBXFileReference; path = .gitkeep; sourceTree = "<group>"; };
		A7C172260E6C6D306F982505 /* AchievementEntity+CoreDataClass.swift */ = {isa = PBXFileReference; lastKnownFileType = sourcecode.swift; path = "AchievementEntity+CoreDataClass.swift"; sourceTree = "<group>"; };
		AA62D002C72728761229B69A /* AppCard.swift */ = {isa = PBXFileReference; lastKnownFileType = sourcecode.swift; path = AppCard.swift; sourceTree = "<group>"; };
		B15DEC4F5BAFCE09EB6C035B /* DailyChallengeView.swift */ = {isa = PBXFileReference; lastKnownFileType = sourcecode.swift; path = DailyChallengeView.swift; sourceTree = "<group>"; };
		BFF41C60612B8FEFC2FB365E /* TrainedClassifier.swift */ = {isa = PBXFileReference; lastKnownFileType = sourcecode.swift; path = TrainedClassifier.swift; sourceTree = "<group>"; };
		C0FA3A5FBA413526C828CBC0 /* MLProjectRepositoryTests.swift */ = {isa = PBXFileReference; lastKnownFileType = sourcecode.swift; path = MLProjectRepositoryTests.swift; sourceTree = "<group>"; };
		C1FEF04E4CE5543F00E63150 /* PersistenceController.swift */ = {isa = PBXFileReference; lastKnownFileType = sourcecode.swift; path = PersistenceController.swift; sourceTree = "<group>"; };
		D2380A2FA9F7AC1B62C231F7 /* .gitkeep */ = {isa = PBXFileReference; path = .gitkeep; sourceTree = "<group>"; };
		D7798308D6AD1B65200D77C3 /* TrainBotTests.xctest */ = {isa = PBXFileReference; includeInIndex = 0; lastKnownFileType = wrapper.cfbundle; path = TrainBotTests.xctest; sourceTree = BUILT_PRODUCTS_DIR; };
		EACAB1276B8F0040D6398CFD /* MLImageEntity+CoreDataClass.swift */ = {isa = PBXFileReference; lastKnownFileType = sourcecode.swift; path = "MLImageEntity+CoreDataClass.swift"; sourceTree = "<group>"; };
		ECCD1C97D1B9A2A5823237B3 /* .gitkeep */ = {isa = PBXFileReference; path = .gitkeep; sourceTree = "<group>"; };
		F4B1048384090C714C51069D /* MLProjectEntity+CoreDataClass.swift */ = {isa = PBXFileReference; lastKnownFileType = sourcecode.swift; path = "MLProjectEntity+CoreDataClass.swift"; sourceTree = "<group>"; };
		F99B82E9FD96E5B628D87842 /* .gitkeep */ = {isa = PBXFileReference; path = .gitkeep; sourceTree = "<group>"; };
/* End PBXFileReference section */

/* Begin PBXFrameworksBuildPhase section */
		4CCA827F8302BE73BDF7AB21 /* Frameworks */ = {
			isa = PBXFrameworksBuildPhase;
			buildActionMask = 2147483647;
			files = (
				57191570E3EAC476EF1BA60A /* CreateMLComponents.framework in Frameworks */,
			);
			runOnlyForDeploymentPostprocessing = 0;
		};
/* End PBXFrameworksBuildPhase section */

/* Begin PBXGroup section */
		003F96334434E62F899304FE /* Onboarding */ = {
			isa = PBXGroup;
			children = (
				30A68B563C31FB9CE6CDC286 /* OnboardingView.swift */,
			);
			path = Onboarding;
			sourceTree = "<group>";
		};
		0126FA6F6436E22CF7CE9996 /* Fonts */ = {
			isa = PBXGroup;
			children = (
				3DD31D77D62DE71F0390CB49 /* .gitkeep */,
			);
			path = Fonts;
			sourceTree = "<group>";
		};
		0955F10ED5901F96AF6875B3 /* Features */ = {
			isa = PBXGroup;
			children = (
				9C0079B59ACA99446C4471A2 /* Achievements */,
				F18A1BB35CBD3176741E36CB /* DailyChallenge */,
				B145C69BBE5A9E1913FFD6DD /* Home */,
				5DA0DC4AF43041244365548E /* Knowledge */,
				003F96334434E62F899304FE /* Onboarding */,
				B44AF1ADB809BF79F0E8BC9E /* Settings */,
				40066B54322E44463421EE69 /* Testing */,
				3287FFFF4848E35C44718F26 /* Training */,
				F99B82E9FD96E5B628D87842 /* .gitkeep */,
			);
			path = Features;
			sourceTree = "<group>";
		};
		0D5914F28C68359175E0FF23 /* Products */ = {
			isa = PBXGroup;
			children = (
				3F1786123EE4863175FEAC89 /* TrainBot.app */,
				D7798308D6AD1B65200D77C3 /* TrainBotTests.xctest */,
				1DE2C022F9A40B49FB5F9A07 /* TrainBotUITests.xctest */,
			);
			name = Products;
			sourceTree = "<group>";
		};
		129B18AD465DB7EBF3F0D60F /* Frameworks */ = {
			isa = PBXGroup;
			children = (
				2DF67461DA0DFB6911F86583 /* CreateMLComponents.framework */,
			);
			name = Frameworks;
			sourceTree = "<group>";
		};
		19FCDEBDF2776727DF5113BC /* Sounds */ = {
			isa = PBXGroup;
			children = (
				3263626EBFE10435433CAC66 /* .gitkeep */,
			);
			path = Sounds;
			sourceTree = "<group>";
		};
		3287FFFF4848E35C44718F26 /* Training */ = {
			isa = PBXGroup;
			children = (
				02C2C6B23B0F0B2F5766DF5C /* TrainingView.swift */,
				0F2EF33A84A85ADD9CF39764 /* TrainingViewModel.swift */,
			);
			path = Training;
			sourceTree = "<group>";
		};
		40066B54322E44463421EE69 /* Testing */ = {
			isa = PBXGroup;
			children = (
				20114F5CF592023B77A4ACD8 /* TestingView.swift */,
				1D95F4A28387BBEF2893452E /* TestingViewModel.swift */,
			);
			path = Testing;
			sourceTree = "<group>";
		};
		5DA0DC4AF43041244365548E /* Knowledge */ = {
			isa = PBXGroup;
			children = (
				0EE23539C8D2BB1A5786367A /* KnowledgeView.swift */,
			);
			path = Knowledge;
			sourceTree = "<group>";
		};
		5DE8E8FCD98DB814140B5CB7 /* Mascot */ = {
			isa = PBXGroup;
			children = (
				D2380A2FA9F7AC1B62C231F7 /* .gitkeep */,
				0B1C8019A99613A41E97B466 /* MascotState.swift */,
				1873B6E8B5A42B4F26372D85 /* MascotView.swift */,
			);
			path = Mascot;
			sourceTree = "<group>";
		};
		81F60F3127149CA695FE5FF6 /* Generated */ = {
			isa = PBXGroup;
			children = (
				A7C172260E6C6D306F982505 /* AchievementEntity+CoreDataClass.swift */,
				18DF48209005550E45045F20 /* DailyChallengeEntity+CoreDataClass.swift */,
				EACAB1276B8F0040D6398CFD /* MLImageEntity+CoreDataClass.swift */,
				227AF9867F84CE55F8640A26 /* MLLabelEntity+CoreDataClass.swift */,
				87264F94D59D68680391E426 /* MLModelEntity+CoreDataClass.swift */,
				F4B1048384090C714C51069D /* MLProjectEntity+CoreDataClass.swift */,
			);
			path = Generated;
			sourceTree = "<group>";
		};
		82ECEFDAB9C9C244AD3C5B62 /* TrainBotTests */ = {
			isa = PBXGroup;
			children = (
				1F24600AD8935156C7899EFC /* ImageClassifierTrainerTests.swift */,
				3846FACC22577E376AA40BBD /* ImageStorageTests.swift */,
				C0FA3A5FBA413526C828CBC0 /* MLProjectRepositoryTests.swift */,
				50F93BA5DD9D75BAB43C2092 /* TrainBotTests.swift */,
			);
			path = TrainBotTests;
			sourceTree = "<group>";
		};
		84BE9CC1D567F2353F256037 /* Resources */ = {
			isa = PBXGroup;
			children = (
				0126FA6F6436E22CF7CE9996 /* Fonts */,
				19FCDEBDF2776727DF5113BC /* Sounds */,
			);
			path = Resources;
			sourceTree = "<group>";
		};
		8E63F45FDE63E6C658F1892E /* DesignSystem */ = {
			isa = PBXGroup;
			children = (
				CB6C377E9D9B0AE9611312AE /* Components */,
				5DE8E8FCD98DB814140B5CB7 /* Mascot */,
				67463286030BA5199E50FE39 /* Colors.swift */,
				598DDF2384BB3AB8BE774DD5 /* Typography.swift */,
			);
			path = DesignSystem;
			sourceTree = "<group>";
		};
		977C570B52B19EBFAD7FE370 /* Core */ = {
			isa = PBXGroup;
			children = (
				EE84BE002C9D0234608A2F2E /* Network */,
				A557CA7C4A72106F33D95F4C /* Storage */,
			);
			path = Core;
			sourceTree = "<group>";
		};
		9A590448917568ADCEEE92A1 /* TrainBot */ = {
			isa = PBXGroup;
			children = (
				A599130DF09BD1E1965FCDDF /* App */,
				977C570B52B19EBFAD7FE370 /* Core */,
				8E63F45FDE63E6C658F1892E /* DesignSystem */,
				0955F10ED5901F96AF6875B3 /* Features */,
				F4356488CC1D4D6A8DA0CB79 /* ML */,
				84BE9CC1D567F2353F256037 /* Resources */,
				20BDF01E051597ABD389266D /* Assets.xcassets */,
				6E0ED75950D4666A34CB092B /* Info.plist */,
			);
			path = TrainBot;
			sourceTree = "<group>";
		};
		9C0079B59ACA99446C4471A2 /* Achievements */ = {
			isa = PBXGroup;
			children = (
				6253DB5B170593539FC20DE4 /* AchievementsView.swift */,
			);
			path = Achievements;
			sourceTree = "<group>";
		};
		A557CA7C4A72106F33D95F4C /* Storage */ = {
			isa = PBXGroup;
			children = (
				81F60F3127149CA695FE5FF6 /* Generated */,
				74B270B2A0F8FCA7C0A39B7A /* TrainBot.xcdatamodeld */,
				8433D60DCD0FB822FDC50029 /* .gitkeep */,
				2776CE1D4D652C47DA2DBD88 /* ImageStorage.swift */,
				C1FEF04E4CE5543F00E63150 /* PersistenceController.swift */,
			);
			path = Storage;
			sourceTree = "<group>";
		};
		A599130DF09BD1E1965FCDDF /* App */ = {
			isa = PBXGroup;
			children = (
				A04FCD158FE7A7D0D56A4E8E /* .gitkeep */,
				30345DCA5575F2DD7B6E87A8 /* TrainBotApp.swift */,
			);
			path = App;
			sourceTree = "<group>";
		};
		AB6C955DE2E0C3B2CD94D2B2 /* TrainBotUITests */ = {
			isa = PBXGroup;
			children = (
				491247C54ADADACE65BECD2C /* TrainBotUITests.swift */,
			);
			path = TrainBotUITests;
			sourceTree = "<group>";
		};
		B145C69BBE5A9E1913FFD6DD /* Home */ = {
			isa = PBXGroup;
			children = (
				2306B67358AD0279BF5EA247 /* HomeView.swift */,
			);
			path = Home;
			sourceTree = "<group>";
		};
		B44AF1ADB809BF79F0E8BC9E /* Settings */ = {
			isa = PBXGroup;
			children = (
				3ACF6F9734CAB220C92C6D0A /* SettingsView.swift */,
			);
			path = Settings;
			sourceTree = "<group>";
		};
		BE12DFE09A16B3C7C675D4D9 = {
			isa = PBXGroup;
			children = (
				9A590448917568ADCEEE92A1 /* TrainBot */,
				82ECEFDAB9C9C244AD3C5B62 /* TrainBotTests */,
				AB6C955DE2E0C3B2CD94D2B2 /* TrainBotUITests */,
				129B18AD465DB7EBF3F0D60F /* Frameworks */,
				0D5914F28C68359175E0FF23 /* Products */,
			);
			sourceTree = "<group>";
		};
		CB6C377E9D9B0AE9611312AE /* Components */ = {
			isa = PBXGroup;
			children = (
				425809D7B23FD6232F43F77E /* .gitkeep */,
				AA62D002C72728761229B69A /* AppCard.swift */,
				4727A74134DE2E63BF6C61C1 /* NavigationCard.swift */,
				60706F22693E5FC3EA2A6224 /* PrimaryButton.swift */,
				551D4D34DCA73EE04F2B492D /* SecondaryButton.swift */,
			);
			path = Components;
			sourceTree = "<group>";
		};
		EE84BE002C9D0234608A2F2E /* Network */ = {
			isa = PBXGroup;
			children = (
				0CA382BC68A350154C9975D3 /* .gitkeep */,
			);
			path = Network;
			sourceTree = "<group>";
		};
		F18A1BB35CBD3176741E36CB /* DailyChallenge */ = {
			isa = PBXGroup;
			children = (
				B15DEC4F5BAFCE09EB6C035B /* DailyChallengeView.swift */,
			);
			path = DailyChallenge;
			sourceTree = "<group>";
		};
		F4356488CC1D4D6A8DA0CB79 /* ML */ = {
			isa = PBXGroup;
			children = (
				ECCD1C97D1B9A2A5823237B3 /* .gitkeep */,
				3D85A617924D7FF5E16BEB52 /* AchievementsService.swift */,
				79A4E18E7126A62D8F0EB819 /* DailyChallengeService.swift */,
				53FD0D948828275B34683E59 /* ImageClassifierTrainer.swift */,
				876C6FADA1776CE4DCAE46D5 /* MLProjectRepository.swift */,
				BFF41C60612B8FEFC2FB365E /* TrainedClassifier.swift */,
			);
			path = ML;
			sourceTree = "<group>";
		};
/* End PBXGroup section */

/* Begin PBXNativeTarget section */
		175EB4C9FD7C7E8D0149ED60 /* TrainBot */ = {
			isa = PBXNativeTarget;
			buildConfigurationList = 198AA0AE0D702881A814259C /* Build configuration list for PBXNativeTarget "TrainBot" */;
			buildPhases = (
				B132FAC0B3F681125D38AA06 /* Sources */,
				5B48413BC2519843F13E4E97 /* Resources */,
				4CCA827F8302BE73BDF7AB21 /* Frameworks */,
			);
			buildRules = (
			);
			dependencies = (
			);
			name = TrainBot;
			packageProductDependencies = (
			);
			productName = TrainBot;
			productReference = 3F1786123EE4863175FEAC89 /* TrainBot.app */;
			productType = "com.apple.product-type.application";
		};
		1F49FE44E58C0E1902293DB2 /* TrainBotUITests */ = {
			isa = PBXNativeTarget;
			buildConfigurationList = FC088BB949A1F36B35CFB911 /* Build configuration list for PBXNativeTarget "TrainBotUITests" */;
			buildPhases = (
				4BFA000CCB9D5CDB7B034A63 /* Sources */,
			);
			buildRules = (
			);
			dependencies = (
				0B0D3D6BC85FBCD0887D6D78 /* PBXTargetDependency */,
			);
			name = TrainBotUITests;
			packageProductDependencies = (
			);
			productName = TrainBotUITests;
			productReference = 1DE2C022F9A40B49FB5F9A07 /* TrainBotUITests.xctest */;
			productType = "com.apple.product-type.bundle.ui-testing";
		};
		93DFB6E213D29BD4B9C8AC41 /* TrainBotTests */ = {
			isa = PBXNativeTarget;
			buildConfigurationList = EDFDE77BDC618E18D5B99996 /* Build configuration list for PBXNativeTarget "TrainBotTests" */;
			buildPhases = (
				896CF3AF473D0EED6DBBE223 /* Sources */,
			);
			buildRules = (
			);
			dependencies = (
				4B3CBE6797A949C6B60B7B9D /* PBXTargetDependency */,
			);
			name = TrainBotTests;
			packageProductDependencies = (
			);
			productName = TrainBotTests;
			productReference = D7798308D6AD1B65200D77C3 /* TrainBotTests.xctest */;
			productType = "com.apple.product-type.bundle.unit-test";
		};
/* End PBXNativeTarget section */

/* Begin PBXProject section */
		2D23CDA1BBA5A2C936C33B27 /* Project object */ = {
			isa = PBXProject;
			attributes = {
				BuildIndependentTargetsInParallel = YES;
				LastUpgradeCheck = 1430;
				TargetAttributes = {
					175EB4C9FD7C7E8D0149ED60 = {
						DevelopmentTeam = RK92XXY52G;
						ProvisioningStyle = Automatic;
					};
					1F49FE44E58C0E1902293DB2 = {
						DevelopmentTeam = RK92XXY52G;
						TestTargetID = 175EB4C9FD7C7E8D0149ED60;
					};
					93DFB6E213D29BD4B9C8AC41 = {
						DevelopmentTeam = RK92XXY52G;
					};
				};
			};
			buildConfigurationList = D95C002D1D8F7BE7262E28C9 /* Build configuration list for PBXProject "TrainBot" */;
			developmentRegion = ro;
			hasScannedForEncodings = 0;
			knownRegions = (
				Base,
				ro,
			);
			mainGroup = BE12DFE09A16B3C7C675D4D9;
			minimizedProjectReferenceProxies = 1;
			preferredProjectObjectVersion = 77;
			productRefGroup = 0D5914F28C68359175E0FF23 /* Products */;
			projectDirPath = "";
			projectRoot = "";
			targets = (
				175EB4C9FD7C7E8D0149ED60 /* TrainBot */,
				93DFB6E213D29BD4B9C8AC41 /* TrainBotTests */,
				1F49FE44E58C0E1902293DB2 /* TrainBotUITests */,
			);
		};
/* End PBXProject section */

/* Begin PBXResourcesBuildPhase section */
		5B48413BC2519843F13E4E97 /* Resources */ = {
			isa = PBXResourcesBuildPhase;
			buildActionMask = 2147483647;
			files = (
				A24334F58E5CF7708162A598 /* Assets.xcassets in Resources */,
			);
			runOnlyForDeploymentPostprocessing = 0;
		};
/* End PBXResourcesBuildPhase section */

/* Begin PBXSourcesBuildPhase section */
		4BFA000CCB9D5CDB7B034A63 /* Sources */ = {
			isa = PBXSourcesBuildPhase;
			buildActionMask = 2147483647;
			files = (
				4A971B8A2D3494DAE7FF9C8C /* TrainBotUITests.swift in Sources */,
			);
			runOnlyForDeploymentPostprocessing = 0;
		};
		896CF3AF473D0EED6DBBE223 /* Sources */ = {
			isa = PBXSourcesBuildPhase;
			buildActionMask = 2147483647;
			files = (
				516F59F54E85F0F2FD4BD7BD /* ImageClassifierTrainerTests.swift in Sources */,
				045120D7A79970379FE75F07 /* ImageStorageTests.swift in Sources */,
				FF412E8A0EE5C45CEA5EE653 /* MLProjectRepositoryTests.swift in Sources */,
				42FF954C65B432CEA9DBC494 /* TrainBotTests.swift in Sources */,
			);
			runOnlyForDeploymentPostprocessing = 0;
		};
		B132FAC0B3F681125D38AA06 /* Sources */ = {
			isa = PBXSourcesBuildPhase;
			buildActionMask = 2147483647;
			files = (
				6B40196BE0A945324A3B6141 /* AchievementEntity+CoreDataClass.swift in Sources */,
				4BF6A9FB406049AB9B0D3338 /* AchievementsService.swift in Sources */,
				99DD9F1ADB32A05BE8C774AB /* AchievementsView.swift in Sources */,
				EB6E8C17D4E6025130C7F095 /* AppCard.swift in Sources */,
				D16DD6B754434FFEB6FD4C5A /* Colors.swift in Sources */,
				C1418DA071D52E0CF79DD996 /* DailyChallengeEntity+CoreDataClass.swift in Sources */,
				22638E5F9937C0E8D3A677F3 /* DailyChallengeService.swift in Sources */,
				1B27FF9AF8C2B10C64B2407B /* DailyChallengeView.swift in Sources */,
				86CAC50B05799CA78720B924 /* HomeView.swift in Sources */,
				B0365B5C530F4F5F3FF0A5AC /* ImageClassifierTrainer.swift in Sources */,
				24EF475072BE37742AFA76D7 /* ImageStorage.swift in Sources */,
				68A088C399E82B72279B1120 /* KnowledgeView.swift in Sources */,
				13ED790853A7F1320D7A2622 /* MLImageEntity+CoreDataClass.swift in Sources */,
				DCEA643151DCFE7BDCB9B7B5 /* MLLabelEntity+CoreDataClass.swift in Sources */,
				B6D580590EF66374093E4B64 /* MLModelEntity+CoreDataClass.swift in Sources */,
				450512255A558102ABC0BA1B /* MLProjectEntity+CoreDataClass.swift in Sources */,
				31879CED3DEAB04E384D2753 /* MLProjectRepository.swift in Sources */,
				04033740F3E345DB415A749F /* MascotState.swift in Sources */,
				C85D17E355F8F636A270BE08 /* MascotView.swift in Sources */,
				4860FF930B4910EB45ED86D1 /* NavigationCard.swift in Sources */,
				2103DD8E82658EF02F7790FB /* OnboardingView.swift in Sources */,
				07F840708D888B3051C45E39 /* PersistenceController.swift in Sources */,
				CCF7F8383A6071CF892AF6D1 /* PrimaryButton.swift in Sources */,
				B14A2EF12A5DC75200E81929 /* SecondaryButton.swift in Sources */,
				81D50D4033609FC571999BCB /* SettingsView.swift in Sources */,
				2550CA737C6685FA4207A122 /* TestingView.swift in Sources */,
				E6B3027A65EA05ABF326A92E /* TestingViewModel.swift in Sources */,
				5FB03424F1D838F160A69A25 /* TrainBot.xcdatamodeld in Sources */,
				760230A10568FC9607DE5636 /* TrainBotApp.swift in Sources */,
				65A016997F7E9B2B320468EE /* TrainedClassifier.swift in Sources */,
				8CA29C27689742BCA429FE9B /* TrainingView.swift in Sources */,
				4DE5FC5F54B13123643F5799 /* TrainingViewModel.swift in Sources */,
				3CD8A37864304F3787DE6793 /* Typography.swift in Sources */,
			);
			runOnlyForDeploymentPostprocessing = 0;
		};
/* End PBXSourcesBuildPhase section */

/* Begin PBXTargetDependency section */
		0B0D3D6BC85FBCD0887D6D78 /* PBXTargetDependency */ = {
			isa = PBXTargetDependency;
			target = 175EB4C9FD7C7E8D0149ED60 /* TrainBot */;
			targetProxy = B14C52F944EF7921C2750EFE /* PBXContainerItemProxy */;
		};
		4B3CBE6797A949C6B60B7B9D /* PBXTargetDependency */ = {
			isa = PBXTargetDependency;
			target = 175EB4C9FD7C7E8D0149ED60 /* TrainBot */;
			targetProxy = F9745D24C290EC34DAA1C509 /* PBXContainerItemProxy */;
		};
/* End PBXTargetDependency section */

/* Begin XCBuildConfiguration section */
		0095C241994DEC435AEF612E /* Debug */ = {
			isa = XCBuildConfiguration;
			buildSettings = {
				ASSETCATALOG_COMPILER_APPICON_NAME = AppIcon;
				ASSETCATALOG_COMPILER_GLOBAL_ACCENT_COLOR_NAME = AccentColor;
				CODE_SIGN_IDENTITY = "iPhone Developer";
				CODE_SIGN_STYLE = Automatic;
				INFOPLIST_FILE = TrainBot/Info.plist;
				IPHONEOS_DEPLOYMENT_TARGET = 17.0;
				LD_RUNPATH_SEARCH_PATHS = (
					"$(inherited)",
					"@executable_path/Frameworks",
				);
				PRODUCT_BUNDLE_IDENTIFIER = com.luca.trainbot.TrainBot;
				SDKROOT = iphoneos;
				SUPPORTS_MACCATALYST = NO;
				TARGETED_DEVICE_FAMILY = "1,2";
			};
			name = Debug;
		};
		4C165A29B21EF4CCE3FDD2D8 /* Release */ = {
			isa = XCBuildConfiguration;
			buildSettings = {
				BUNDLE_LOADER = "$(TEST_HOST)";
				IPHONEOS_DEPLOYMENT_TARGET = 17.0;
				LD_RUNPATH_SEARCH_PATHS = (
					"$(inherited)",
					"@executable_path/Frameworks",
					"@loader_path/Frameworks",
				);
				PRODUCT_BUNDLE_IDENTIFIER = com.luca.trainbot.TrainBotUITests;
				SDKROOT = iphoneos;
				TARGETED_DEVICE_FAMILY = "1,2";
				TEST_TARGET_NAME = TrainBot;
			};
			name = Release;
		};
		7FAE22F3665596B51423F22E /* Debug */ = {
			isa = XCBuildConfiguration;
			buildSettings = {
				BUNDLE_LOADER = "$(TEST_HOST)";
				IPHONEOS_DEPLOYMENT_TARGET = 17.0;
				LD_RUNPATH_SEARCH_PATHS = (
					"$(inherited)",
					"@executable_path/Frameworks",
					"@loader_path/Frameworks",
				);
				PRODUCT_BUNDLE_IDENTIFIER = com.luca.trainbot.TrainBotUITests;
				SDKROOT = iphoneos;
				TARGETED_DEVICE_FAMILY = "1,2";
				TEST_TARGET_NAME = TrainBot;
			};
			name = Debug;
		};
		8393F3F09982B8166FF8746D /* Release */ = {
			isa = XCBuildConfiguration;
			buildSettings = {
				ALWAYS_SEARCH_USER_PATHS = NO;
				ASSETCATALOG_COMPILER_PERFORM_THINNING = NO;
				CLANG_ANALYZER_NONNULL = YES;
				CLANG_ANALYZER_NUMBER_OBJECT_CONVERSION = YES_AGGRESSIVE;
				CLANG_CXX_LANGUAGE_STANDARD = "gnu++14";
				CLANG_CXX_LIBRARY = "libc++";
				CLANG_ENABLE_MODULES = YES;
				CLANG_ENABLE_OBJC_ARC = YES;
				CLANG_ENABLE_OBJC_WEAK = YES;
				CLANG_WARN_BLOCK_CAPTURE_AUTORELEASING = YES;
				CLANG_WARN_BOOL_CONVERSION = YES;
				CLANG_WARN_COMMA = YES;
				CLANG_WARN_CONSTANT_CONVERSION = YES;
				CLANG_WARN_DEPRECATED_OBJC_IMPLEMENTATIONS = YES;
				CLANG_WARN_DIRECT_OBJC_ISA_USAGE = YES_ERROR;
				CLANG_WARN_DOCUMENTATION_COMMENTS = YES;
				CLANG_WARN_EMPTY_BODY = YES;
				CLANG_WARN_ENUM_CONVERSION = YES;
				CLANG_WARN_INFINITE_RECURSION = YES;
				CLANG_WARN_INT_CONVERSION = YES;
				CLANG_WARN_NON_LITERAL_NULL_CONVERSION = YES;
				CLANG_WARN_OBJC_IMPLICIT_RETAIN_SELF = YES;
				CLANG_WARN_OBJC_LITERAL_CONVERSION = YES;
				CLANG_WARN_OBJC_ROOT_CLASS = YES_ERROR;
				CLANG_WARN_QUOTED_INCLUDE_IN_FRAMEWORK_HEADER = YES;
				CLANG_WARN_RANGE_LOOP_ANALYSIS = YES;
				CLANG_WARN_STRICT_PROTOTYPES = YES;
				CLANG_WARN_SUSPICIOUS_MOVE = YES;
				CLANG_WARN_UNGUARDED_AVAILABILITY = YES_AGGRESSIVE;
				CLANG_WARN_UNREACHABLE_CODE = YES;
				CLANG_WARN__DUPLICATE_METHOD_MATCH = YES;
				COPY_PHASE_STRIP = NO;
				CURRENT_PROJECT_VERSION = 1;
				DEBUG_INFORMATION_FORMAT = "dwarf-with-dsym";
				DEVELOPMENT_TEAM = RK92XXY52G;
				ENABLE_NS_ASSERTIONS = NO;
				ENABLE_STRICT_OBJC_MSGSEND = YES;
				ENABLE_USER_SCRIPT_SANDBOXING = NO;
				GCC_C_LANGUAGE_STANDARD = gnu11;
				GCC_NO_COMMON_BLOCKS = YES;
				GCC_WARN_64_TO_32_BIT_CONVERSION = YES;
				GCC_WARN_ABOUT_RETURN_TYPE = YES_ERROR;
				GCC_WARN_UNDECLARED_SELECTOR = YES;
				GCC_WARN_UNINITIALIZED_AUTOS = YES_AGGRESSIVE;
				GCC_WARN_UNUSED_FUNCTION = YES;
				GCC_WARN_UNUSED_VARIABLE = YES;
				IPHONEOS_DEPLOYMENT_TARGET = 17.0;
				MARKETING_VERSION = 1.0.0;
				MTL_ENABLE_DEBUG_INFO = NO;
				MTL_FAST_MATH = YES;
				PRODUCT_NAME = "$(TARGET_NAME)";
				SDKROOT = iphoneos;
				SWIFT_COMPILATION_MODE = wholemodule;
				SWIFT_OPTIMIZATION_LEVEL = "-O";
				SWIFT_VERSION = 5.10;
			};
			name = Release;
		};
		917F50FBB2BA1E4421A7F4AB /* Release */ = {
			isa = XCBuildConfiguration;
			buildSettings = {
				BUNDLE_LOADER = "$(TEST_HOST)";
				IPHONEOS_DEPLOYMENT_TARGET = 17.0;
				LD_RUNPATH_SEARCH_PATHS = (
					"$(inherited)",
					"@executable_path/Frameworks",
					"@loader_path/Frameworks",
				);
				PRODUCT_BUNDLE_IDENTIFIER = com.luca.trainbot.TrainBotTests;
				SDKROOT = iphoneos;
				TARGETED_DEVICE_FAMILY = "1,2";
				TEST_HOST = "$(BUILT_PRODUCTS_DIR)/TrainBot.app/$(BUNDLE_EXECUTABLE_FOLDER_PATH)/TrainBot";
			};
			name = Release;
		};
		B158B315E5C33A058238EE1C /* Debug */ = {
			isa = XCBuildConfiguration;
			buildSettings = {
				BUNDLE_LOADER = "$(TEST_HOST)";
				IPHONEOS_DEPLOYMENT_TARGET = 17.0;
				LD_RUNPATH_SEARCH_PATHS = (
					"$(inherited)",
					"@executable_path/Frameworks",
					"@loader_path/Frameworks",
				);
				PRODUCT_BUNDLE_IDENTIFIER = com.luca.trainbot.TrainBotTests;
				SDKROOT = iphoneos;
				TARGETED_DEVICE_FAMILY = "1,2";
				TEST_HOST = "$(BUILT_PRODUCTS_DIR)/TrainBot.app/$(BUNDLE_EXECUTABLE_FOLDER_PATH)/TrainBot";
			};
			name = Debug;
		};
		C1608C520A34D8B5B3CD6396 /* Debug */ = {
			isa = XCBuildConfiguration;
			buildSettings = {
				ALWAYS_SEARCH_USER_PATHS = NO;
				ASSETCATALOG_COMPILER_PERFORM_THINNING = NO;
				CLANG_ANALYZER_NONNULL = YES;
				CLANG_ANALYZER_NUMBER_OBJECT_CONVERSION = YES_AGGRESSIVE;
				CLANG_CXX_LANGUAGE_STANDARD = "gnu++14";
				CLANG_CXX_LIBRARY = "libc++";
				CLANG_ENABLE_MODULES = YES;
				CLANG_ENABLE_OBJC_ARC = YES;
				CLANG_ENABLE_OBJC_WEAK = YES;
				CLANG_WARN_BLOCK_CAPTURE_AUTORELEASING = YES;
				CLANG_WARN_BOOL_CONVERSION = YES;
				CLANG_WARN_COMMA = YES;
				CLANG_WARN_CONSTANT_CONVERSION = YES;
				CLANG_WARN_DEPRECATED_OBJC_IMPLEMENTATIONS = YES;
				CLANG_WARN_DIRECT_OBJC_ISA_USAGE = YES_ERROR;
				CLANG_WARN_DOCUMENTATION_COMMENTS = YES;
				CLANG_WARN_EMPTY_BODY = YES;
				CLANG_WARN_ENUM_CONVERSION = YES;
				CLANG_WARN_INFINITE_RECURSION = YES;
				CLANG_WARN_INT_CONVERSION = YES;
				CLANG_WARN_NON_LITERAL_NULL_CONVERSION = YES;
				CLANG_WARN_OBJC_IMPLICIT_RETAIN_SELF = YES;
				CLANG_WARN_OBJC_LITERAL_CONVERSION = YES;
				CLANG_WARN_OBJC_ROOT_CLASS = YES_ERROR;
				CLANG_WARN_QUOTED_INCLUDE_IN_FRAMEWORK_HEADER = YES;
				CLANG_WARN_RANGE_LOOP_ANALYSIS = YES;
				CLANG_WARN_STRICT_PROTOTYPES = YES;
				CLANG_WARN_SUSPICIOUS_MOVE = YES;
				CLANG_WARN_UNGUARDED_AVAILABILITY = YES_AGGRESSIVE;
				CLANG_WARN_UNREACHABLE_CODE = YES;
				CLANG_WARN__DUPLICATE_METHOD_MATCH = YES;
				COPY_PHASE_STRIP = NO;
				CURRENT_PROJECT_VERSION = 1;
				DEBUG_INFORMATION_FORMAT = dwarf;
				DEVELOPMENT_TEAM = RK92XXY52G;
				ENABLE_STRICT_OBJC_MSGSEND = YES;
				ENABLE_TESTABILITY = YES;
				ENABLE_USER_SCRIPT_SANDBOXING = NO;
				GCC_C_LANGUAGE_STANDARD = gnu11;
				GCC_DYNAMIC_NO_PIC = NO;
				GCC_NO_COMMON_BLOCKS = YES;
				GCC_OPTIMIZATION_LEVEL = 0;
				GCC_PREPROCESSOR_DEFINITIONS = (
					"$(inherited)",
					"DEBUG=1",
				);
				GCC_WARN_64_TO_32_BIT_CONVERSION = YES;
				GCC_WARN_ABOUT_RETURN_TYPE = YES_ERROR;
				GCC_WARN_UNDECLARED_SELECTOR = YES;
				GCC_WARN_UNINITIALIZED_AUTOS = YES_AGGRESSIVE;
				GCC_WARN_UNUSED_FUNCTION = YES;
				GCC_WARN_UNUSED_VARIABLE = YES;
				IPHONEOS_DEPLOYMENT_TARGET = 17.0;
				MARKETING_VERSION = 1.0.0;
				MTL_ENABLE_DEBUG_INFO = INCLUDE_SOURCE;
				MTL_FAST_MATH = YES;
				ONLY_ACTIVE_ARCH = YES;
				PRODUCT_NAME = "$(TARGET_NAME)";
				SDKROOT = iphoneos;
				SWIFT_ACTIVE_COMPILATION_CONDITIONS = DEBUG;
				SWIFT_OPTIMIZATION_LEVEL = "-Onone";
				SWIFT_VERSION = 5.10;
			};
			name = Debug;
		};
		EFB3AA8E4184C2CB8A45C279 /* Release */ = {
			isa = XCBuildConfiguration;
			buildSettings = {
				ASSETCATALOG_COMPILER_APPICON_NAME = AppIcon;
				ASSETCATALOG_COMPILER_GLOBAL_ACCENT_COLOR_NAME = AccentColor;
				CODE_SIGN_IDENTITY = "iPhone Developer";
				CODE_SIGN_STYLE = Automatic;
				INFOPLIST_FILE = TrainBot/Info.plist;
				IPHONEOS_DEPLOYMENT_TARGET = 17.0;
				LD_RUNPATH_SEARCH_PATHS = (
					"$(inherited)",
					"@executable_path/Frameworks",
				);
				PRODUCT_BUNDLE_IDENTIFIER = com.luca.trainbot.TrainBot;
				SDKROOT = iphoneos;
				SUPPORTS_MACCATALYST = NO;
				TARGETED_DEVICE_FAMILY = "1,2";
			};
			name = Release;
		};
/* End XCBuildConfiguration section */

/* Begin XCConfigurationList section */
		198AA0AE0D702881A814259C /* Build configuration list for PBXNativeTarget "TrainBot" */ = {
			isa = XCConfigurationList;
			buildConfigurations = (
				0095C241994DEC435AEF612E /* Debug */,
				EFB3AA8E4184C2CB8A45C279 /* Release */,
			);
			defaultConfigurationIsVisible = 0;
			defaultConfigurationName = Debug;
		};
		D95C002D1D8F7BE7262E28C9 /* Build configuration list for PBXProject "TrainBot" */ = {
			isa = XCConfigurationList;
			buildConfigurations = (
				C1608C520A34D8B5B3CD6396 /* Debug */,
				8393F3F09982B8166FF8746D /* Release */,
			);
			defaultConfigurationIsVisible = 0;
			defaultConfigurationName = Debug;
		};
		EDFDE77BDC618E18D5B99996 /* Build configuration list for PBXNativeTarget "TrainBotTests" */ = {
			isa = XCConfigurationList;
			buildConfigurations = (
				B158B315E5C33A058238EE1C /* Debug */,
				917F50FBB2BA1E4421A7F4AB /* Release */,
			);
			defaultConfigurationIsVisible = 0;
			defaultConfigurationName = Debug;
		};
		FC088BB949A1F36B35CFB911 /* Build configuration list for PBXNativeTarget "TrainBotUITests" */ = {
			isa = XCConfigurationList;
			buildConfigurations = (
				7FAE22F3665596B51423F22E /* Debug */,
				4C165A29B21EF4CCE3FDD2D8 /* Release */,
			);
			defaultConfigurationIsVisible = 0;
			defaultConfigurationName = Debug;
		};
/* End XCConfigurationList section */

/* Begin XCVersionGroup section */
		74B270B2A0F8FCA7C0A39B7A /* TrainBot.xcdatamodeld */ = {
			isa = XCVersionGroup;
			children = (
				97B32648FA627BD8B6E09B62 /* TrainBot.xcdatamodel */,
			);
			currentVersion = 97B32648FA627BD8B6E09B62 /* TrainBot.xcdatamodel */;
			path = TrainBot.xcdatamodeld;
			sourceTree = "<group>";
			versionGroupType = wrapper.xcdatamodel;
		};
/* End XCVersionGroup section */
	};
	rootObject = 2D23CDA1BBA5A2C936C33B27 /* Project object */;
}
